// !$*UTF8*$!
{
	archiveVersion = 1;
	classes = {
	};
	objectVersion = 56;
	objects = {

/* Begin PBXBuildFile section */
		5D77836A2BCD8D400004F02A /* AppDelegate.swift in Sources */ = {isa = PBXBuildFile; fileRef = 5D7783692BCD8D400004F02A /* AppDelegate.swift */; };
		5D77836C2BCD8D400004F02A /* SceneDelegate.swift in Sources */ = {isa = PBXBuildFile; fileRef = 5D77836B2BCD8D400004F02A /* SceneDelegate.swift */; };
		5D77836E2BCD8D400004F02A /* ViewController.swift in Sources */ = {isa = PBXBuildFile; fileRef = 5D77836D2BCD8D400004F02A /* ViewController.swift */; };
		5D7783712BCD8D400004F02A /* Main.storyboard in Resources */ = {isa = PBXBuildFile; fileRef = 5D77836F2BCD8D400004F02A /* Main.storyboard */; };
		5D7783732BCD8D420004F02A /* Assets.xcassets in Resources */ = {isa = PBXBuildFile; fileRef = 5D7783722BCD8D420004F02A /* Assets.xcassets */; };
		5D7783762BCD8D420004F02A /* LaunchScreen.storyboard in Resources */ = {isa = PBXBuildFile; fileRef = 5D7783742BCD8D420004F02A /* LaunchScreen.storyboard */; };
		5D7783812BCD8D420004F02A /* ImageWithCacheTests.swift in Sources */ = {isa = PBXBuildFile; fileRef = 5D7783802BCD8D420004F02A /* ImageWithCacheTests.swift */; };
		5D77838B2BCD8D420004F02A /* ImageWithCacheUITests.swift in Sources */ = {isa = PBXBuildFile; fileRef = 5D77838A2BCD8D420004F02A /* ImageWithCacheUITests.swift */; };
		5D77838D2BCD8D420004F02A /* ImageWithCacheUITestsLaunchTests.swift in Sources */ = {isa = PBXBuildFile; fileRef = 5D77838C2BCD8D420004F02A /* ImageWithCacheUITestsLaunchTests.swift */; };
		5D77839D2BCD8EDB0004F02A /* ImgCVC.swift in Sources */ = {isa = PBXBuildFile; fileRef = 5D77839B2BCD8EDB0004F02A /* ImgCVC.swift */; };
		5D77839E2BCD8EDB0004F02A /* ImgCVC.xib in Resources */ = {isa = PBXBuildFile; fileRef = 5D77839C2BCD8EDB0004F02A /* ImgCVC.xib */; };
		5D7783A42BCD911F0004F02A /* Thumbnail.swift in Sources */ = {isa = PBXBuildFile; fileRef = 5D7783A12BCD911F0004F02A /* Thumbnail.swift */; };
		5D7783A52BCD911F0004F02A /* BackupDetails.swift in Sources */ = {isa = PBXBuildFile; fileRef = 5D7783A22BCD911F0004F02A /* BackupDetails.swift */; };
		5D7783A62BCD911F0004F02A /* TotalData.swift in Sources */ = {isa = PBXBuildFile; fileRef = 5D7783A32BCD911F0004F02A /* TotalData.swift */; };
		5D7783AE2BCD91E60004F02A /* Constant.swift in Sources */ = {isa = PBXBuildFile; fileRef = 5D7783AD2BCD91E60004F02A /* Constant.swift */; };
		5D7783B12BCD923C0004F02A /* LazyImageLoaderView.swift in Sources */ = {isa = PBXBuildFile; fileRef = 5D7783B02BCD923C0004F02A /* LazyImageLoaderView.swift */; };
		5D7783B42BCD92E20004F02A /* fetchServerData.swift in Sources */ = {isa = PBXBuildFile; fileRef = 5D7783B32BCD92E20004F02A /* fetchServerData.swift */; };
/* End PBXBuildFile section */

/* Begin PBXContainerItemProxy section */
		5D77837D2BCD8D420004F02A /* PBXContainerItemProxy */ = {
			isa = PBXContainerItemProxy;
			containerPortal = 5D77835E2BCD8D400004F02A /* Project object */;
			proxyType = 1;
			remoteGlobalIDString = 5D7783652BCD8D400004F02A;
			remoteInfo = ImageWithCache;
		};
		5D7783872BCD8D420004F02A /* PBXContainerItemProxy */ = {
			isa = PBXContainerItemProxy;
			containerPortal = 5D77835E2BCD8D400004F02A /* Project object */;
			proxyType = 1;
			remoteGlobalIDString = 5D7783652BCD8D400004F02A;
			remoteInfo = ImageWithCache;
		};
/* End PBXContainerItemProxy section */

/* Begin PBXFileReference section */
		5D7783662BCD8D400004F02A /* ImageWithCache.app */ = {isa = PBXFileReference; explicitFileType = wrapper.application; includeInIndex = 0; path = ImageWithCache.app; sourceTree = BUILT_PRODUCTS_DIR; };
		5D7783692BCD8D400004F02A /* AppDelegate.swift */ = {isa = PBXFileReference; lastKnownFileType = sourcecode.swift; path = AppDelegate.swift; sourceTree = "<group>"; };
		5D77836B2BCD8D400004F02A /* SceneDelegate.swift */ = {isa = PBXFileReference; lastKnownFileType = sourcecode.swift; path = SceneDelegate.swift; sourceTree = "<group>"; };
		5D77836D2BCD8D400004F02A /* ViewController.swift */ = {isa = PBXFileReference; lastKnownFileType = sourcecode.swift; path = ViewController.swift; sourceTree = "<group>"; };
		5D7783702BCD8D400004F02A /* Base */ = {isa = PBXFileReference; lastKnownFileType = file.storyboard; name = Base; path = Base.lproj/Main.storyboard; sourceTree = "<group>"; };
		5D7783722BCD8D420004F02A /* Assets.xcassets */ = {isa = PBXFileReference; lastKnownFileType = folder.assetcatalog; path = Assets.xcassets; sourceTree = "<group>"; };
		5D7783752BCD8D420004F02A /* Base */ = {isa = PBXFileReference; lastKnownFileType = file.storyboard; name = Base; path = Base.lproj/LaunchScreen.storyboard; sourceTree = "<group>"; };
		5D7783772BCD8D420004F02A /* Info.plist */ = {isa = PBXFileReference; lastKnownFileType = text.plist.xml; path = Info.plist; sourceTree = "<group>"; };
		5D77837C2BCD8D420004F02A /* ImageWithCacheTests.xctest */ = {isa = PBXFileReference; explicitFileType = wrapper.cfbundle; includeInIndex = 0; path = ImageWithCacheTests.xctest; sourceTree = BUILT_PRODUCTS_DIR; };
		5D7783802BCD8D420004F02A /* ImageWithCacheTests.swift */ = {isa = PBXFileReference; lastKnownFileType = sourcecode.swift; path = ImageWithCacheTests.swift; sourceTree = "<group>"; };
		5D7783862BCD8D420004F02A /* ImageWithCacheUITests.xctest */ = {isa = PBXFileReference; explicitFileType = wrapper.cfbundle; includeInIndex = 0; path = ImageWithCacheUITests.xctest; sourceTree = BUILT_PRODUCTS_DIR; };
		5D77838A2BCD8D420004F02A /* ImageWithCacheUITests.swift */ = {isa = PBXFileReference; lastKnownFileType = sourcecode.swift; path = ImageWithCacheUITests.swift; sourceTree = "<group>"; };
		5D77838C2BCD8D420004F02A /* ImageWithCacheUITestsLaunchTests.swift */ = {isa = PBXFileReference; lastKnownFileType = sourcecode.swift; path = ImageWithCacheUITestsLaunchTests.swift; sourceTree = "<group>"; };
		5D77839B2BCD8EDB0004F02A /* ImgCVC.swift */ = {isa = PBXFileReference; lastKnownFileType = sourcecode.swift; path = ImgCVC.swift; sourceTree = "<group>"; };
		5D77839C2BCD8EDB0004F02A /* ImgCVC.xib */ = {isa = PBXFileReference; lastKnownFileType = file.xib; path = ImgCVC.xib; sourceTree = "<group>"; };
		5D7783A12BCD911F0004F02A /* Thumbnail.swift */ = {isa = PBXFileReference; fileEncoding = 4; lastKnownFileType = sourcecode.swift; path = Thumbnail.swift; sourceTree = "<group>"; };
		5D7783A22BCD911F0004F02A /* BackupDetails.swift */ = {isa = PBXFileReference; fileEncoding = 4; lastKnownFileType = sourcecode.swift; path = BackupDetails.swift; sourceTree = "<group>"; };
		5D7783A32BCD911F0004F02A /* TotalData.swift */ = {isa = PBXFileReference; fileEncoding = 4; lastKnownFileType = sourcecode.swift; path = TotalData.swift; sourceTree = "<group>"; };
		5D7783AD2BCD91E60004F02A /* Constant.swift */ = {isa = PBXFileReference; lastKnownFileType = sourcecode.swift; path = Constant.swift; sourceTree = "<group>"; };
		5D7783B02BCD923C0004F02A /* LazyImageLoaderView.swift */ = {isa = PBXFileReference; lastKnownFileType = sourcecode.swift; path = LazyImageLoaderView.swift; sourceTree = "<group>"; };
		5D7783B32BCD92E20004F02A /* fetchServerData.swift */ = {isa = PBXFileReference; lastKnownFileType = sourcecode.swift; path = fetchServerData.swift; sourceTree = "<group>"; };
/* End PBXFileReference section */

/* Begin PBXFrameworksBuildPhase section */
		5D7783632BCD8D400004F02A /* Frameworks */ = {
			isa = PBXFrameworksBuildPhase;
			buildActionMask = 2147483647;
			files = (
			);
			runOnlyForDeploymentPostprocessing = 0;
		};
		5D7783792BCD8D420004F02A /* Frameworks */ = {
			isa = PBXFrameworksBuildPhase;
			buildActionMask = 2147483647;
			files = (
			);
			runOnlyForDeploymentPostprocessing = 0;
		};
		5D7783832BCD8D420004F02A /* Frameworks */ = {
			isa = PBXFrameworksBuildPhase;
			buildActionMask = 2147483647;
			files = (
			);
			runOnlyForDeploymentPostprocessing = 0;
		};
/* End PBXFrameworksBuildPhase section */

/* Begin PBXGroup section */
		5D77835D2BCD8D400004F02A = {
			isa = PBXGroup;
			children = (
				5D7783682BCD8D400004F02A /* ImageWithCache */,
				5D77837F2BCD8D420004F02A /* ImageWithCacheTests */,
				5D7783892BCD8D420004F02A /* ImageWithCacheUITests */,
				5D7783672BCD8D400004F02A /* Products */,
			);
			sourceTree = "<group>";
		};
		5D7783672BCD8D400004F02A /* Products */ = {
			isa = PBXGroup;
			children = (
				5D7783662BCD8D400004F02A /* ImageWithCache.app */,
				5D77837C2BCD8D420004F02A /* ImageWithCacheTests.xctest */,
				5D7783862BCD8D420004F02A /* ImageWithCacheUITests.xctest */,
			);
			name = Products;
			sourceTree = "<group>";
		};
		5D7783682BCD8D400004F02A /* ImageWithCache */ = {
			isa = PBXGroup;
			children = (
				5D7783B22BCD929F0004F02A /* Controller */,
				5D7783AF2BCD922A0004F02A /* ImageCache */,
				5D7783AC2BCD91D90004F02A /* Constant */,
				5D7783A72BCD91230004F02A /* SupportingFiles */,
				5D7783A02BCD910A0004F02A /* View-Model */,
				5D77839A2BCD8EC60004F02A /* View */,
				5D7783992BCD8E7E0004F02A /* Model */,
				5D7783722BCD8D420004F02A /* Assets.xcassets */,
				5D7783772BCD8D420004F02A /* Info.plist */,
			);
			path = ImageWithCache;
			sourceTree = "<group>";
		};
		5D77837F2BCD8D420004F02A /* ImageWithCacheTests */ = {
			isa = PBXGroup;
			children = (
				5D7783802BCD8D420004F02A /* ImageWithCacheTests.swift */,
			);
			path = ImageWithCacheTests;
			sourceTree = "<group>";
		};
		5D7783892BCD8D420004F02A /* ImageWithCacheUITests */ = {
			isa = PBXGroup;
			children = (
				5D77838A2BCD8D420004F02A /* ImageWithCacheUITests.swift */,
				5D77838C2BCD8D420004F02A /* ImageWithCacheUITestsLaunchTests.swift */,
			);
			path = ImageWithCacheUITests;
			sourceTree = "<group>";
		};
		5D7783992BCD8E7E0004F02A /* Model */ = {
			isa = PBXGroup;
			children = (
				5D7783A22BCD911F0004F02A /* BackupDetails.swift */,
				5D7783A32BCD911F0004F02A /* TotalData.swift */,
				5D7783A12BCD911F0004F02A /* Thumbnail.swift */,
			);
			path = Model;
			sourceTree = "<group>";
		};
		5D77839A2BCD8EC60004F02A /* View */ = {
			isa = PBXGroup;
			children = (
				5D7783AA2BCD91530004F02A /* CollectionView */,
				5D7783A92BCD913E0004F02A /* Storyboard */,
			);
			path = View;
			sourceTree = "<group>";
		};
		5D7783A02BCD910A0004F02A /* View-Model */ = {
			isa = PBXGroup;
			children = (
				5D7783B32BCD92E20004F02A /* fetchServerData.swift */,
			);
			path = "View-Model";
			sourceTree = "<group>";
		};
		5D7783A72BCD91230004F02A /* SupportingFiles */ = {
			isa = PBXGroup;
			children = (
				5D7783A82BCD912E0004F02A /* Delegate */,
			);
			path = SupportingFiles;
			sourceTree = "<group>";
		};
		5D7783A82BCD912E0004F02A /* Delegate */ = {
			isa = PBXGroup;
			children = (
				5D7783692BCD8D400004F02A /* AppDelegate.swift */,
				5D77836B2BCD8D400004F02A /* SceneDelegate.swift */,
			);
			path = Delegate;
			sourceTree = "<group>";
		};
		5D7783A92BCD913E0004F02A /* Storyboard */ = {
			isa = PBXGroup;
			children = (
				5D77836F2BCD8D400004F02A /* Main.storyboard */,
				5D7783742BCD8D420004F02A /* LaunchScreen.storyboard */,
			);
			path = Storyboard;
			sourceTree = "<group>";
		};
		5D7783AA2BCD91530004F02A /* CollectionView */ = {
			isa = PBXGroup;
			children = (
				5D77839B2BCD8EDB0004F02A /* ImgCVC.swift */,
				5D77839C2BCD8EDB0004F02A /* ImgCVC.xib */,
			);
			path = CollectionView;
			sourceTree = "<group>";
		};
		5D7783AC2BCD91D90004F02A /* Constant */ = {
			isa = PBXGroup;
			children = (
				5D7783AD2BCD91E60004F02A /* Constant.swift */,
			);
			path = Constant;
			sourceTree = "<group>";
		};
		5D7783AF2BCD922A0004F02A /* ImageCache */ = {
			isa = PBXGroup;
			children = (
				5D7783B02BCD923C0004F02A /* LazyImageLoaderView.swift */,
			);
			path = ImageCache;
			sourceTree = "<group>";
		};
		5D7783B22BCD929F0004F02A /* Controller */ = {
			isa = PBXGroup;
			children = (
				5D77836D2BCD8D400004F02A /* ViewController.swift */,
			);
			path = Controller;
			sourceTree = "<group>";
		};
/* End PBXGroup section */

/* Begin PBXNativeTarget section */
		5D7783652BCD8D400004F02A /* ImageWithCache */ = {
			isa = PBXNativeTarget;
			buildConfigurationList = 5D7783902BCD8D420004F02A /* Build configuration list for PBXNativeTarget "ImageWithCache" */;
			buildPhases = (
				5D7783622BCD8D400004F02A /* Sources */,
				5D7783632BCD8D400004F02A /* Frameworks */,
				5D7783642BCD8D400004F02A /* Resources */,
			);
			buildRules = (
			);
			dependencies = (
			);
			name = ImageWithCache;
			productName = ImageWithCache;
			productReference = 5D7783662BCD8D400004F02A /* ImageWithCache.app */;
			productType = "com.apple.product-type.application";
		};
		5D77837B2BCD8D420004F02A /* ImageWithCacheTests */ = {
			isa = PBXNativeTarget;
			buildConfigurationList = 5D7783932BCD8D420004F02A /* Build configuration list for PBXNativeTarget "ImageWithCacheTests" */;
			buildPhases = (
				5D7783782BCD8D420004F02A /* Sources */,
				5D7783792BCD8D420004F02A /* Frameworks */,
				5D77837A2BCD8D420004F02A /* Resources */,
			);
			buildRules = (
			);
			dependencies = (
				5D77837E2BCD8D420004F02A /* PBXTargetDependency */,
			);
			name = ImageWithCacheTests;
			productName = ImageWithCacheTests;
			productReference = 5D77837C2BCD8D420004F02A /* ImageWithCacheTests.xctest */;
			productType = "com.apple.product-type.bundle.unit-test";
		};
		5D7783852BCD8D420004F02A /* ImageWithCacheUITests */ = {
			isa = PBXNativeTarget;
			buildConfigurationList = 5D7783962BCD8D420004F02A /* Build configuration list for PBXNativeTarget "ImageWithCacheUITests" */;
			buildPhases = (
				5D7783822BCD8D420004F02A /* Sources */,
				5D7783832BCD8D420004F02A /* Frameworks */,
				5D7783842BCD8D420004F02A /* Resources */,
			);
			buildRules = (
			);
			dependencies = (
				5D7783882BCD8D420004F02A /* PBXTargetDependency */,
			);
			name = ImageWithCacheUITests;
			productName = ImageWithCacheUITests;
			productReference = 5D7783862BCD8D420004F02A /* ImageWithCacheUITests.xctest */;
			productType = "com.apple.product-type.bundle.ui-testing";
		};
/* End PBXNativeTarget section */

/* Begin PBXProject section */
		5D77835E2BCD8D400004F02A /* Project object */ = {
			isa = PBXProject;
			attributes = {
				BuildIndependentTargetsInParallel = 1;
				LastSwiftUpdateCheck = 1500;
				LastUpgradeCheck = 1500;
				TargetAttributes = {
					5D7783652BCD8D400004F02A = {
						CreatedOnToolsVersion = 15.0.1;
					};
					5D77837B2BCD8D420004F02A = {
						CreatedOnToolsVersion = 15.0.1;
						TestTargetID = 5D7783652BCD8D400004F02A;
					};
					5D7783852BCD8D420004F02A = {
						CreatedOnToolsVersion = 15.0.1;
						TestTargetID = 5D7783652BCD8D400004F02A;
					};
				};
			};
			buildConfigurationList = 5D7783612BCD8D400004F02A /* Build configuration list for PBXProject "ImageWithCache" */;
			compatibilityVersion = "Xcode 14.0";
			developmentRegion = en;
			hasScannedForEncodings = 0;
			knownRegions = (
				en,
				Base,
			);
			mainGroup = 5D77835D2BCD8D400004F02A;
			productRefGroup = 5D7783672BCD8D400004F02A /* Products */;
			projectDirPath = "";
			projectRoot = "";
			targets = (
				5D7783652BCD8D400004F02A /* ImageWithCache */,
				5D77837B2BCD8D420004F02A /* ImageWithCacheTests */,
				5D7783852BCD8D420004F02A /* ImageWithCacheUITests */,
			);
		};
/* End PBXProject section */

/* Begin PBXResourcesBuildPhase section */
		5D7783642BCD8D400004F02A /* Resources */ = {
			isa = PBXResourcesBuildPhase;
			buildActionMask = 2147483647;
			files = (
				5D77839E2BCD8EDB0004F02A /* ImgCVC.xib in Resources */,
				5D7783762BCD8D420004F02A /* LaunchScreen.storyboard in Resources */,
				5D7783732BCD8D420004F02A /* Assets.xcassets in Resources */,
				5D7783712BCD8D400004F02A /* Main.storyboard in Resources */,
			);
			runOnlyForDeploymentPostprocessing = 0;
		};
		5D77837A2BCD8D420004F02A /* Resources */ = {
			isa = PBXResourcesBuildPhase;
			buildActionMask = 2147483647;
			files = (
			);
			runOnlyForDeploymentPostprocessing = 0;
		};
		5D7783842BCD8D420004F02A /* Resources */ = {
			isa = PBXResourcesBuildPhase;
			buildActionMask = 2147483647;
			files = (
			);
			runOnlyForDeploymentPostprocessing = 0;
		};
/* End PBXResourcesBuildPhase section */

/* Begin PBXSourcesBuildPhase section */
		5D7783622BCD8D400004F02A /* Sources */ = {
			isa = PBXSourcesBuildPhase;
			buildActionMask = 2147483647;
			files = (
				5D77839D2BCD8EDB0004F02A /* ImgCVC.swift in Sources */,
				5D77836E2BCD8D400004F02A /* ViewController.swift in Sources */,
				5D77836A2BCD8D400004F02A /* AppDelegate.swift in Sources */,
				5D7783AE2BCD91E60004F02A /* Constant.swift in Sources */,
				5D7783B12BCD923C0004F02A /* LazyImageLoaderView.swift in Sources */,
				5D7783B42BCD92E20004F02A /* fetchServerData.swift in Sources */,
				5D7783A42BCD911F0004F02A /* Thumbnail.swift in Sources */,
				5D7783A52BCD911F0004F02A /* BackupDetails.swift in Sources */,
				5D7783A62BCD911F0004F02A /* TotalData.swift in Sources */,
				5D77836C2BCD8D400004F02A /* SceneDelegate.swift in Sources */,
			);
			runOnlyForDeploymentPostprocessing = 0;
		};
		5D7783782BCD8D420004F02A /* Sources */ = {
			isa = PBXSourcesBuildPhase;
			buildActionMask = 2147483647;
			files = (
				5D7783812BCD8D420004F02A /* ImageWithCacheTests.swift in Sources */,
			);
			runOnlyForDeploymentPostprocessing = 0;
		};
		5D7783822BCD8D420004F02A /* Sources */ = {
			isa = PBXSourcesBuildPhase;
			buildActionMask = 2147483647;
			files = (
				5D77838B2BCD8D420004F02A /* ImageWithCacheUITests.swift in Sources */,
				5D77838D2BCD8D420004F02A /* ImageWithCacheUITestsLaunchTests.swift in Sources */,
			);
			runOnlyForDeploymentPostprocessing = 0;
		};
/* End PBXSourcesBuildPhase section */

/* Begin PBXTargetDependency section */
		5D77837E2BCD8D420004F02A /* PBXTargetDependency */ = {
			isa = PBXTargetDependency;
			target = 5D7783652BCD8D400004F02A /* ImageWithCache */;
			targetProxy = 5D77837D2BCD8D420004F02A /* PBXContainerItemProxy */;
		};
		5D7783882BCD8D420004F02A /* PBXTargetDependency */ = {
			isa = PBXTargetDependency;
			target = 5D7783652BCD8D400004F02A /* ImageWithCache */;
			targetProxy = 5D7783872BCD8D420004F02A /* PBXContainerItemProxy */;
		};
/* End PBXTargetDependency section */

/* Begin PBXVariantGroup section */
		5D77836F2BCD8D400004F02A /* Main.storyboard */ = {
			isa = PBXVariantGroup;
			children = (
				5D7783702BCD8D400004F02A /* Base */,
			);
			name = Main.storyboard;
			sourceTree = "<group>";
		};
		5D7783742BCD8D420004F02A /* LaunchScreen.storyboard */ = {
			isa = PBXVariantGroup;
			children = (
				5D7783752BCD8D420004F02A /* Base */,
			);
			name = LaunchScreen.storyboard;
			sourceTree = "<group>";
		};
/* End PBXVariantGroup section */

/* Begin XCBuildConfiguration section */
		5D77838E2BCD8D420004F02A /* Debug */ = {
			isa = XCBuildConfiguration;
			buildSettings = {
				ALWAYS_SEARCH_USER_PATHS = NO;
				ASSETCATALOG_COMPILER_GENERATE_SWIFT_ASSET_SYMBOL_EXTENSIONS = YES;
				CLANG_ANALYZER_NONNULL = YES;
				CLANG_ANALYZER_NUMBER_OBJECT_CONVERSION = YES_AGGRESSIVE;
				CLANG_CXX_LANGUAGE_STANDARD = "gnu++20";
				CLANG_ENABLE_MODULES = YES;
				CLANG_ENABLE_OBJC_ARC = YES;
				CLANG_ENABLE_OBJC_WEAK = YES;
				CLANG_WARN_BLOCK_CAPTURE_AUTORELEASING = YES;
				CLANG_WARN_BOOL_CONVERSION = YES;
				CLANG_WARN_COMMA = YES;
				CLANG_WARN_CONSTANT_CONVERSION = YES;
				CLANG_WARN_DEPRECATED_OBJC_IMPLEMENTATIONS = YES;
				CLANG_WARN_DIRECT_OBJC_ISA_USAGE = YES_ERROR;
				CLANG_WARN_DOCUMENTATION_COMMENTS = YES;
				CLANG_WARN_EMPTY_BODY = YES;
				CLANG_WARN_ENUM_CONVERSION = YES;
				CLANG_WARN_INFINITE_RECURSION = YES;
				CLANG_WARN_INT_CONVERSION = YES;
				CLANG_WARN_NON_LITERAL_NULL_CONVERSION = YES;
				CLANG_WARN_OBJC_IMPLICIT_RETAIN_SELF = YES;
				CLANG_WARN_OBJC_LITERAL_CONVERSION = YES;
				CLANG_WARN_OBJC_ROOT_CLASS = YES_ERROR;
				CLANG_WARN_QUOTED_INCLUDE_IN_FRAMEWORK_HEADER = YES;
				CLANG_WARN_RANGE_LOOP_ANALYSIS = YES;
				CLANG_WARN_STRICT_PROTOTYPES = YES;
				CLANG_WARN_SUSPICIOUS_MOVE = YES;
				CLANG_WARN_UNGUARDED_AVAILABILITY = YES_AGGRESSIVE;
				CLANG_WARN_UNREACHABLE_CODE = YES;
				CLANG_WARN__DUPLICATE_METHOD_MATCH = YES;
				COPY_PHASE_STRIP = NO;
				DEBUG_INFORMATION_FORMAT = dwarf;
				ENABLE_STRICT_OBJC_MSGSEND = YES;
				ENABLE_TESTABILITY = YES;
				ENABLE_USER_SCRIPT_SANDBOXING = YES;
				GCC_C_LANGUAGE_STANDARD = gnu17;
				GCC_DYNAMIC_NO_PIC = NO;
				GCC_NO_COMMON_BLOCKS = YES;
				GCC_OPTIMIZATION_LEVEL = 0;
				GCC_PREPROCESSOR_DEFINITIONS = (
					"DEBUG=1",
					"$(inherited)",
				);
				GCC_WARN_64_TO_32_BIT_CONVERSION = YES;
				GCC_WARN_ABOUT_RETURN_TYPE = YES_ERROR;
				GCC_WARN_UNDECLARED_SELECTOR = YES;
				GCC_WARN_UNINITIALIZED_AUTOS = YES_AGGRESSIVE;
				GCC_WARN_UNUSED_FUNCTION = YES;
				GCC_WARN_UNUSED_VARIABLE = YES;
				IPHONEOS_DEPLOYMENT_TARGET = 17.0;
				LOCALIZATION_PREFERS_STRING_CATALOGS = YES;
				MTL_ENABLE_DEBUG_INFO = INCLUDE_SOURCE;
				MTL_FAST_MATH = YES;
				ONLY_ACTIVE_ARCH = YES;
				SDKROOT = iphoneos;
				SWIFT_ACTIVE_COMPILATION_CONDITIONS = "DEBUG $(inherited)";
				SWIFT_OPTIMIZATION_LEVEL = "-Onone";
			};
			name = Debug;
		};
		5D77838F2BCD8D420004F02A /* Release */ = {
			isa = XCBuildConfiguration;
			buildSettings = {
				ALWAYS_SEARCH_USER_PATHS = NO;
				ASSETCATALOG_COMPILER_GENERATE_SWIFT_ASSET_SYMBOL_EXTENSIONS = YES;
				CLANG_ANALYZER_NONNULL = YES;
				CLANG_ANALYZER_NUMBER_OBJECT_CONVERSION = YES_AGGRESSIVE;
				CLANG_CXX_LANGUAGE_STANDARD = "gnu++20";
				CLANG_ENABLE_MODULES = YES;
				CLANG_ENABLE_OBJC_ARC = YES;
				CLANG_ENABLE_OBJC_WEAK = YES;
				CLANG_WARN_BLOCK_CAPTURE_AUTORELEASING = YES;
				CLANG_WARN_BOOL_CONVERSION = YES;
				CLANG_WARN_COMMA = YES;
				CLANG_WARN_CONSTANT_CONVERSION = YES;
				CLANG_WARN_DEPRECATED_OBJC_IMPLEMENTATIONS = YES;
				CLANG_WARN_DIRECT_OBJC_ISA_USAGE = YES_ERROR;
				CLANG_WARN_DOCUMENTATION_COMMENTS = YES;
				CLANG_WARN_EMPTY_BODY = YES;
				CLANG_WARN_ENUM_CONVERSION = YES;
				CLANG_WARN_INFINITE_RECURSION = YES;
				CLANG_WARN_INT_CONVERSION = YES;
				CLANG_WARN_NON_LITERAL_NULL_CONVERSION = YES;
				CLANG_WARN_OBJC_IMPLICIT_RETAIN_SELF = YES;
				CLANG_WARN_OBJC_LITERAL_CONVERSION = YES;
				CLANG_WARN_OBJC_ROOT_CLASS = YES_ERROR;
				CLANG_WARN_QUOTED_INCLUDE_IN_FRAMEWORK_HEADER = YES;
				CLANG_WARN_RANGE_LOOP_ANALYSIS = YES;
				CLANG_WARN_STRICT_PROTOTYPES = YES;
				CLANG_WARN_SUSPICIOUS_MOVE = YES;
				CLANG_WARN_UNGUARDED_AVAILABILITY = YES_AGGRESSIVE;
				CLANG_WARN_UNREACHABLE_CODE = YES;
				CLANG_WARN__DUPLICATE_METHOD_MATCH = YES;
				COPY_PHASE_STRIP = NO;
				DEBUG_INFORMATION_FORMAT = "dwarf-with-dsym";
				ENABLE_NS_ASSERTIONS = NO;
				ENABLE_STRICT_OBJC_MSGSEND = YES;
				ENABLE_USER_SCRIPT_SANDBOXING = YES;
				GCC_C_LANGUAGE_STANDARD = gnu17;
				GCC_NO_COMMON_BLOCKS = YES;
				GCC_WARN_64_TO_32_BIT_CONVERSION = YES;
				GCC_WARN_ABOUT_RETURN_TYPE = YES_ERROR;
				GCC_WARN_UNDECLARED_SELECTOR = YES;
				GCC_WARN_UNINITIALIZED_AUTOS = YES_AGGRESSIVE;
				GCC_WARN_UNUSED_FUNCTION = YES;
				GCC_WARN_UNUSED_VARIABLE = YES;
				IPHONEOS_DEPLOYMENT_TARGET = 17.0;
				LOCALIZATION_PREFERS_STRING_CATALOGS = YES;
				MTL_ENABLE_DEBUG_INFO = NO;
				MTL_FAST_MATH = YES;
				SDKROOT = iphoneos;
				SWIFT_COMPILATION_MODE = wholemodule;
				VALIDATE_PRODUCT = YES;
			};
			name = Release;
		};
		5D7783912BCD8D420004F02A /* Debug */ = {
			isa = XCBuildConfiguration;
			buildSettings = {
				ASSETCATALOG_COMPILER_APPICON_NAME = AppIcon;
				ASSETCATALOG_COMPILER_GLOBAL_ACCENT_COLOR_NAME = AccentColor;
				CODE_SIGN_STYLE = Automatic;
				CURRENT_PROJECT_VERSION = 1;
				DEVELOPMENT_TEAM = NB5B4D8982;
				GENERATE_INFOPLIST_FILE = YES;
				INFOPLIST_FILE = ImageWithCache/Info.plist;
				INFOPLIST_KEY_UIApplicationSupportsIndirectInputEvents = YES;
				INFOPLIST_KEY_UILaunchStoryboardName = LaunchScreen;
				INFOPLIST_KEY_UIMainStoryboardFile = Main;
				INFOPLIST_KEY_UISupportedInterfaceOrientations_iPad = "UIInterfaceOrientationPortrait UIInterfaceOrientationPortraitUpsideDown UIInterfaceOrientationLandscapeLeft UIInterfaceOrientationLandscapeRight";
				INFOPLIST_KEY_UISupportedInterfaceOrientations_iPhone = "UIInterfaceOrientationPortrait UIInterfaceOrientationLandscapeLeft UIInterfaceOrientationLandscapeRight";
				LD_RUNPATH_SEARCH_PATHS = (
					"$(inherited)",
					"@executable_path/Frameworks",
				);
				MARKETING_VERSION = 1.0;
				PRODUCT_BUNDLE_IDENTIFIER = com.ripon.ImageWithCache;
				PRODUCT_NAME = "$(TARGET_NAME)";
				SWIFT_EMIT_LOC_STRINGS = YES;
				SWIFT_VERSION = 5.0;
				TARGETED_DEVICE_FAMILY = "1,2";
			};
			name = Debug;
		};
		5D7783922BCD8D420004F02A /* Release */ = {
			isa = XCBuildConfiguration;
			buildSettings = {
				ASSETCATALOG_COMPILER_APPICON_NAME = AppIcon;
				ASSETCATALOG_COMPILER_GLOBAL_ACCENT_COLOR_NAME = AccentColor;
				CODE_SIGN_STYLE = Automatic;
				CURRENT_PROJECT_VERSION = 1;
				DEVELOPMENT_TEAM = NB5B4D8982;
				GENERATE_INFOPLIST_FILE = YES;
				INFOPLIST_FILE = ImageWithCache/Info.plist;
				INFOPLIST_KEY_UIApplicationSupportsIndirectInputEvents = YES;
				INFOPLIST_KEY_UILaunchStoryboardName = LaunchScreen;
				INFOPLIST_KEY_UIMainStoryboardFile = Main;
				INFOPLIST_KEY_UISupportedInterfaceOrientations_iPad = "UIInterfaceOrientationPortrait UIInterfaceOrientationPortraitUpsideDown UIInterfaceOrientationLandscapeLeft UIInterfaceOrientationLandscapeRight";
				INFOPLIST_KEY_UISupportedInterfaceOrientations_iPhone = "UIInterfaceOrientationPortrait UIInterfaceOrientationLandscapeLeft UIInterfaceOrientationLandscapeRight";
				LD_RUNPATH_SEARCH_PATHS = (
					"$(inherited)",
					"@executable_path/Frameworks",
				);
				MARKETING_VERSION = 1.0;
				PRODUCT_BUNDLE_IDENTIFIER = com.ripon.ImageWithCache;
				PRODUCT_NAME = "$(TARGET_NAME)";
				SWIFT_EMIT_LOC_STRINGS = YES;
				SWIFT_VERSION = 5.0;
				TARGETED_DEVICE_FAMILY = "1,2";
			};
			name = Release;
		};
		5D7783942BCD8D420004F02A /* Debug */ = {
			isa = XCBuildConfiguration;
			buildSettings = {
				ALWAYS_EMBED_SWIFT_STANDARD_LIBRARIES = YES;
				BUNDLE_LOADER = "$(TEST_HOST)";
				CODE_SIGN_STYLE = Automatic;
				CURRENT_PROJECT_VERSION = 1;
				DEVELOPMENT_TEAM = NB5B4D8982;
				GENERATE_INFOPLIST_FILE = YES;
				IPHONEOS_DEPLOYMENT_TARGET = 17.0;
				MARKETING_VERSION = 1.0;
				PRODUCT_BUNDLE_IDENTIFIER = com.ripon.ImageWithCacheTests;
				PRODUCT_NAME = "$(TARGET_NAME)";
				SWIFT_EMIT_LOC_STRINGS = NO;
				SWIFT_VERSION = 5.0;
				TARGETED_DEVICE_FAMILY = "1,2";
				TEST_HOST = "$(BUILT_PRODUCTS_DIR)/ImageWithCache.app/$(BUNDLE_EXECUTABLE_FOLDER_PATH)/ImageWithCache";
			};
			name = Debug;
		};
		5D7783952BCD8D420004F02A /* Release */ = {
			isa = XCBuildConfiguration;
			buildSettings = {
				ALWAYS_EMBED_SWIFT_STANDARD_LIBRARIES = YES;
				BUNDLE_LOADER = "$(TEST_HOST)";
				CODE_SIGN_STYLE = Automatic;
				CURRENT_PROJECT_VERSION = 1;
				DEVELOPMENT_TEAM = NB5B4D8982;
				GENERATE_INFOPLIST_FILE = YES;
				IPHONEOS_DEPLOYMENT_TARGET = 17.0;
				MARKETING_VERSION = 1.0;
				PRODUCT_BUNDLE_IDENTIFIER = com.ripon.ImageWithCacheTests;
				PRODUCT_NAME = "$(TARGET_NAME)";
				SWIFT_EMIT_LOC_STRINGS = NO;
				SWIFT_VERSION = 5.0;
				TARGETED_DEVICE_FAMILY = "1,2";
				TEST_HOST = "$(BUILT_PRODUCTS_DIR)/ImageWithCache.app/$(BUNDLE_EXECUTABLE_FOLDER_PATH)/ImageWithCache";
			};
			name = Release;
		};
		5D7783972BCD8D420004F02A /* Debug */ = {
			isa = XCBuildConfiguration;
			buildSettings = {
				ALWAYS_EMBED_SWIFT_STANDARD_LIBRARIES = YES;
				CODE_SIGN_STYLE = Automatic;
				CURRENT_PROJECT_VERSION = 1;
				DEVELOPMENT_TEAM = NB5B4D8982;
				GENERATE_INFOPLIST_FILE = YES;
				MARKETING_VERSION = 1.0;
				PRODUCT_BUNDLE_IDENTIFIER = com.ripon.ImageWithCacheUITests;
				PRODUCT_NAME = "$(TARGET_NAME)";
				SWIFT_EMIT_LOC_STRINGS = NO;
				SWIFT_VERSION = 5.0;
				TARGETED_DEVICE_FAMILY = "1,2";
				TEST_TARGET_NAME = ImageWithCache;
			};
			name = Debug;
		};
		5D7783982BCD8D420004F02A /* Release */ = {
			isa = XCBuildConfiguration;
			buildSettings = {
				ALWAYS_EMBED_SWIFT_STANDARD_LIBRARIES = YES;
				CODE_SIGN_STYLE = Automatic;
				CURRENT_PROJECT_VERSION = 1;
				DEVELOPMENT_TEAM = NB5B4D8982;
				GENERATE_INFOPLIST_FILE = YES;
				MARKETING_VERSION = 1.0;
				PRODUCT_BUNDLE_IDENTIFIER = com.ripon.ImageWithCacheUITests;
				PRODUCT_NAME = "$(TARGET_NAME)";
				SWIFT_EMIT_LOC_STRINGS = NO;
				SWIFT_VERSION = 5.0;
				TARGETED_DEVICE_FAMILY = "1,2";
				TEST_TARGET_NAME = ImageWithCache;
			};
			name = Release;
		};
/* End XCBuildConfiguration section */

/* Begin XCConfigurationList section */
		5D7783612BCD8D400004F02A /* Build configuration list for PBXProject "ImageWithCache" */ = {
			isa = XCConfigurationList;
			buildConfigurations = (
				5D77838E2BCD8D420004F02A /* Debug */,
				5D77838F2BCD8D420004F02A /* Release */,
			);
			defaultConfigurationIsVisible = 0;
			defaultConfigurationName = Release;
		};
		5D7783902BCD8D420004F02A /* Build configuration list for PBXNativeTarget "ImageWithCache" */ = {
			isa = XCConfigurationList;
			buildConfigurations = (
				5D7783912BCD8D420004F02A /* Debug */,
				5D7783922BCD8D420004F02A /* Release */,
			);
			defaultConfigurationIsVisible = 0;
			defaultConfigurationName = Release;
		};
		5D7783932BCD8D420004F02A /* Build configuration list for PBXNativeTarget "ImageWithCacheTests" */ = {
			isa = XCConfigurationList;
			buildConfigurations = (
				5D7783942BCD8D420004F02A /* Debug */,
				5D7783952BCD8D420004F02A /* Release */,
			);
			defaultConfigurationIsVisible = 0;
			defaultConfigurationName = Release;
		};
		5D7783962BCD8D420004F02A /* Build configuration list for PBXNativeTarget "ImageWithCacheUITests" */ = {
			isa = XCConfigurationList;
			buildConfigurations = (
				5D7783972BCD8D420004F02A /* Debug */,
				5D7783982BCD8D420004F02A /* Release */,
			);
			defaultConfigurationIsVisible = 0;
			defaultConfigurationName = Release;
		};
/* End XCConfigurationList section */
	};
	rootObject = 5D77835E2BCD8D400004F02A /* Project object */;
}
